
Microsoft Visual Studio Solution File, Format Version 12.00
# Visual Studio 2012
VisualStudioVersion = 12.0.20827.3
MinimumVisualStudioVersion = 10.0.40219.1
Project("{FAE04EC0-301F-11D3-BF4B-00C04F79EFBC}") = "RecursivePseudoLanguage", "RecursivePseudoLanguage\RecursivePseudoLanguage.csproj", "{E80DB3BF-32AE-43D5-B0A8-7D394034EAAF}"
EndProject
Project("{FAE04EC0-301F-11D3-BF4B-00C04F79EFBC}") = "ObjectiveC", "ObjectiveC\ObjectiveC.csproj", "{95A1ED30-CAF7-40B4-98AE-6AAD62AD1E59}"
EndProject
Project("{FAE04EC0-301F-11D3-BF4B-00C04F79EFBC}") = "Unbabeler", "Unbabeler\Unbabeler.csproj", "{A7C584FB-F3C9-4FD5-ABD4-D400F65F8259}"
EndProject
Project("{FAE04EC0-301F-11D3-BF4B-00C04F79EFBC}") = "WindowsFormGUI", "WindowsFormGUI\WindowsFormGUI.csproj", "{5A6320D0-C1A4-4F47-A195-0293550413C9}"
EndProject
Global
	GlobalSection(SolutionConfigurationPlatforms) = preSolution
		Debug|x86 = Debug|x86
		Release|x86 = Release|x86
	EndGlobalSection
	GlobalSection(ProjectConfigurationPlatforms) = postSolution
		{5A6320D0-C1A4-4F47-A195-0293550413C9}.Debug|x86.ActiveCfg = Debug|x86
		{5A6320D0-C1A4-4F47-A195-0293550413C9}.Debug|x86.Build.0 = Debug|x86
		{5A6320D0-C1A4-4F47-A195-0293550413C9}.Release|x86.ActiveCfg = Release|x86
		{5A6320D0-C1A4-4F47-A195-0293550413C9}.Release|x86.Build.0 = Release|x86
		{95A1ED30-CAF7-40B4-98AE-6AAD62AD1E59}.Debug|x86.ActiveCfg = Debug|x86
		{95A1ED30-CAF7-40B4-98AE-6AAD62AD1E59}.Debug|x86.Build.0 = Debug|x86
		{95A1ED30-CAF7-40B4-98AE-6AAD62AD1E59}.Release|x86.ActiveCfg = Release|x86
		{95A1ED30-CAF7-40B4-98AE-6AAD62AD1E59}.Release|x86.Build.0 = Release|x86
		{A7C584FB-F3C9-4FD5-ABD4-D400F65F8259}.Debug|x86.ActiveCfg = Debug|x86
		{A7C584FB-F3C9-4FD5-ABD4-D400F65F8259}.Debug|x86.Build.0 = Debug|x86
		{A7C584FB-F3C9-4FD5-ABD4-D400F65F8259}.Release|x86.ActiveCfg = Release|x86
		{A7C584FB-F3C9-4FD5-ABD4-D400F65F8259}.Release|x86.Build.0 = Release|x86
		{E80DB3BF-32AE-43D5-B0A8-7D394034EAAF}.Debug|x86.ActiveCfg = Debug|x86
		{E80DB3BF-32AE-43D5-B0A8-7D394034EAAF}.Debug|x86.Build.0 = Debug|x86
		{E80DB3BF-32AE-43D5-B0A8-7D394034EAAF}.Release|x86.ActiveCfg = Release|x86
		{E80DB3BF-32AE-43D5-B0A8-7D394034EAAF}.Release|x86.Build.0 = Release|x86
	EndGlobalSection
EndGlobal
